
Microsoft Visual Studio Solution File, Format Version 12.00
# Visual Studio Version 17
VisualStudioVersion = 17.0.31903.59
MinimumVisualStudioVersion = 10.0.40219.1
Project("{FAE04EC0-301F-11D3-BF4B-00C04F79EFBC}") = "ParkTracker", "ParkTracker\ParkTracker.csproj", "{60F0C6C9-2C7A-42F4-94E1-15D689B3938E}"
EndProject
Project("{FAE04EC0-301F-11D3-BF4B-00C04F79EFBC}") = "ParkTracker.Tests", "ParkTracker.Tests\ParkTracker.Tests.csproj", "{B7547AE8-9FA3-4968-9D07-8A38E9ECBA23}"
EndProject
Project("{FAE04EC0-301F-11D3-BF4B-00C04F79EFBC}") = "ParkTracker.E2ETests", "ParkTracker.E2ETests\ParkTracker.E2ETests.csproj", "{19EC4C24-174B-4188-8D9D-2EF19131DA92}"
EndProject
Global
	GlobalSection(SolutionConfigurationPlatforms) = preSolution
		Debug|Any CPU = Debug|Any CPU
		Debug|x64 = Debug|x64
		Debug|x86 = Debug|x86
		Release|Any CPU = Release|Any CPU
		Release|x64 = Release|x64
		Release|x86 = Release|x86
	EndGlobalSection
	GlobalSection(ProjectConfigurationPlatforms) = postSolution
		{60F0C6C9-2C7A-42F4-94E1-15D689B3938E}.Debug|Any CPU.ActiveCfg = Debug|Any CPU
		{60F0C6C9-2C7A-42F4-94E1-15D689B3938E}.Debug|Any CPU.Build.0 = Debug|Any CPU
		{60F0C6C9-2C7A-42F4-94E1-15D689B3938E}.Debug|x64.ActiveCfg = Debug|Any CPU
		{60F0C6C9-2C7A-42F4-94E1-15D689B3938E}.Debug|x64.Build.0 = Debug|Any CPU
		{60F0C6C9-2C7A-42F4-94E1-15D689B3938E}.Debug|x86.ActiveCfg = Debug|Any CPU
		{60F0C6C9-2C7A-42F4-94E1-15D689B3938E}.Debug|x86.Build.0 = Debug|Any CPU
		{60F0C6C9-2C7A-42F4-94E1-15D689B3938E}.Release|Any CPU.ActiveCfg = Release|Any CPU
		{60F0C6C9-2C7A-42F4-94E1-15D689B3938E}.Release|Any CPU.Build.0 = Release|Any CPU
		{60F0C6C9-2C7A-42F4-94E1-15D689B3938E}.Release|x64.ActiveCfg = Release|Any CPU
		{60F0C6C9-2C7A-42F4-94E1-15D689B3938E}.Release|x64.Build.0 = Release|Any CPU
		{60F0C6C9-2C7A-42F4-94E1-15D689B3938E}.Release|x86.ActiveCfg = Release|Any CPU
		{60F0C6C9-2C7A-42F4-94E1-15D689B3938E}.Release|x86.Build.0 = Release|Any CPU
		{B7547AE8-9FA3-4968-9D07-8A38E9ECBA23}.Debug|Any CPU.ActiveCfg = Debug|Any CPU
		{B7547AE8-9FA3-4968-9D07-8A38E9ECBA23}.Debug|Any CPU.Build.0 = Debug|Any CPU
		{B7547AE8-9FA3-4968-9D07-8A38E9ECBA23}.Debug|x64.ActiveCfg = Debug|Any CPU
		{B7547AE8-9FA3-4968-9D07-8A38E9ECBA23}.Debug|x64.Build.0 = Debug|Any CPU
		{B7547AE8-9FA3-4968-9D07-8A38E9ECBA23}.Debug|x86.ActiveCfg = Debug|Any CPU
		{B7547AE8-9FA3-4968-9D07-8A38E9ECBA23}.Debug|x86.Build.0 = Debug|Any CPU
		{B7547AE8-9FA3-4968-9D07-8A38E9ECBA23}.Release|Any CPU.ActiveCfg = Release|Any CPU
		{B7547AE8-9FA3-4968-9D07-8A38E9ECBA23}.Release|Any CPU.Build.0 = Release|Any CPU
		{B7547AE8-9FA3-4968-9D07-8A38E9ECBA23}.Release|x64.ActiveCfg = Release|Any CPU
		{B7547AE8-9FA3-4968-9D07-8A38E9ECBA23}.Release|x64.Build.0 = Release|Any CPU
		{B7547AE8-9FA3-4968-9D07-8A38E9ECBA23}.Release|x86.ActiveCfg = Release|Any CPU
		{B7547AE8-9FA3-4968-9D07-8A38E9ECBA23}.Release|x86.Build.0 = Release|Any CPU
		{19EC4C24-174B-4188-8D9D-2EF19131DA92}.Debug|Any CPU.ActiveCfg = Debug|Any CPU
		{19EC4C24-174B-4188-8D9D-2EF19131DA92}.Debug|Any CPU.Build.0 = Debug|Any CPU
		{19EC4C24-174B-4188-8D9D-2EF19131DA92}.Debug|x64.ActiveCfg = Debug|Any CPU
		{19EC4C24-174B-4188-8D9D-2EF19131DA92}.Debug|x64.Build.0 = Debug|Any CPU
		{19EC4C24-174B-4188-8D9D-2EF19131DA92}.Debug|x86.ActiveCfg = Debug|Any CPU
		{19EC4C24-174B-4188-8D9D-2EF19131DA92}.Debug|x86.Build.0 = Debug|Any CPU
		{19EC4C24-174B-4188-8D9D-2EF19131DA92}.Release|Any CPU.ActiveCfg = Release|Any CPU
		{19EC4C24-174B-4188-8D9D-2EF19131DA92}.Release|Any CPU.Build.0 = Release|Any CPU
		{19EC4C24-174B-4188-8D9D-2EF19131DA92}.Release|x64.ActiveCfg = Release|Any CPU
		{19EC4C24-174B-4188-8D9D-2EF19131DA92}.Release|x64.Build.0 = Release|Any CPU
		{19EC4C24-174B-4188-8D9D-2EF19131DA92}.Release|x86.ActiveCfg = Release|Any CPU
		{19EC4C24-174B-4188-8D9D-2EF19131DA92}.Release|x86.Build.0 = Release|Any CPU
	EndGlobalSection
	GlobalSection(SolutionProperties) = preSolution
		HideSolutionNode = FALSE
	EndGlobalSection
EndGlobal
